
Microsoft Visual Studio Solution File, Format Version 12.00
# Visual Studio Version 17
Project("{2150E333-8FDC-42A3-9474-1A3956D46DE8}") = "CMakePredefinedTargets", "CMakePredefinedTargets", "{38A2C90E-8361-35F2-906F-FB66B2E2F4A6}"
EndProject
Project("{2150E333-8FDC-42A3-9474-1A3956D46DE8}") = "CTestDashboardTargets", "CTestDashboardTargets", "{7345A8E9-20BD-3191-86EC-48204F9A72E9}"
EndProject
Project("{8BC9CEB8-8B4A-11D0-8D11-00A0C91BC942}") = "ALL_BUILD", "ALL_BUILD.vcxproj", "{88FC5A0B-B84C-38E9-A074-56897DEF984D}"
	ProjectSection(ProjectDependencies) = postProject
		{369329ED-B402-3544-95A4-F287E2DB8363} = {369329ED-B402-3544-95A4-F287E2DB8363}
		{4E2C1C24-E85B-3EA1-BF42-4029FD5C0C02} = {4E2C1C24-E85B-3EA1-BF42-4029FD5C0C02}
	EndProjectSection
EndProject
Project("{8BC9CEB8-8B4A-11D0-8D11-00A0C91BC942}") = "Continuous", "Continuous.vcxproj", "{FCFB75EA-59F0-39FF-8547-C6D01CE83A6F}"
	ProjectSection(ProjectDependencies) = postProject
		{369329ED-B402-3544-95A4-F287E2DB8363} = {369329ED-B402-3544-95A4-F287E2DB8363}
	EndProjectSection
EndProject
Project("{8BC9CEB8-8B4A-11D0-8D11-00A0C91BC942}") = "Experimental", "Experimental.vcxproj", "{7AFA81CF-9BD7-31DC-ABB5-08C38A9A3D3E}"
	ProjectSection(ProjectDependencies) = postProject
		{369329ED-B402-3544-95A4-F287E2DB8363} = {369329ED-B402-3544-95A4-F287E2DB8363}
	EndProjectSection
EndProject
Project("{8BC9CEB8-8B4A-11D0-8D11-00A0C91BC942}") = "INSTALL", "INSTALL.vcxproj", "{8CA2E144-4E09-323F-96DA-4C0ABC30F588}"
	ProjectSection(ProjectDependencies) = postProject
		{88FC5A0B-B84C-38E9-A074-56897DEF984D} = {88FC5A0B-B84C-38E9-A074-56897DEF984D}
		{369329ED-B402-3544-95A4-F287E2DB8363} = {369329ED-B402-3544-95A4-F287E2DB8363}
	EndProjectSection
EndProject
Project("{8BC9CEB8-8B4A-11D0-8D11-00A0C91BC942}") = "Nightly", "Nightly.vcxproj", "{987351D0-1E88-3889-A456-A43E2C927007}"
	ProjectSection(ProjectDependencies) = postProject
		{369329ED-B402-3544-95A4-F287E2DB8363} = {369329ED-B402-3544-95A4-F287E2DB8363}
	EndProjectSection
EndProject
Project("{8BC9CEB8-8B4A-11D0-8D11-00A0C91BC942}") = "NightlyMemoryCheck", "NightlyMemoryCheck.vcxproj", "{F010A156-5D3B-3836-9D04-530E1360434E}"
	ProjectSection(ProjectDependencies) = postProject
		{369329ED-B402-3544-95A4-F287E2DB8363} = {369329ED-B402-3544-95A4-F287E2DB8363}
	EndProjectSection
EndProject
Project("{8BC9CEB8-8B4A-11D0-8D11-00A0C91BC942}") = "RUN_TESTS", "RUN_TESTS.vcxproj", "{2D5D072B-D4FE-35F0-82D4-4C301C965E23}"
	ProjectSection(ProjectDependencies) = postProject
		{369329ED-B402-3544-95A4-F287E2DB8363} = {369329ED-B402-3544-95A4-F287E2DB8363}
	EndProjectSection
EndProject
Project("{8BC9CEB8-8B4A-11D0-8D11-00A0C91BC942}") = "ZERO_CHECK", "ZERO_CHECK.vcxproj", "{369329ED-B402-3544-95A4-F287E2DB8363}"
	ProjectSection(ProjectDependencies) = postProject
	EndProjectSection
EndProject
Project("{8BC9CEB8-8B4A-11D0-8D11-00A0C91BC942}") = "uninstall", "uninstall.vcxproj", "{AE7A089F-9F27-3B23-BEFC-57D8E14D0ADC}"
	ProjectSection(ProjectDependencies) = postProject
		{369329ED-B402-3544-95A4-F287E2DB8363} = {369329ED-B402-3544-95A4-F287E2DB8363}
	EndProjectSection
EndProject
Project("{8BC9CEB8-8B4A-11D0-8D11-00A0C91BC942}") = "yaml-cpp", "yaml-cpp.vcxproj", "{4E2C1C24-E85B-3EA1-BF42-4029FD5C0C02}"
	ProjectSection(ProjectDependencies) = postProject
		{369329ED-B402-3544-95A4-F287E2DB8363} = {369329ED-B402-3544-95A4-F287E2DB8363}
	EndProjectSection
EndProject
Global
	GlobalSection(SolutionConfigurationPlatforms) = preSolution
		Debug|x64 = Debug|x64
		Release|x64 = Release|x64
		MinSizeRel|x64 = MinSizeRel|x64
		RelWithDebInfo|x64 = RelWithDebInfo|x64
	EndGlobalSection
	GlobalSection(ProjectConfigurationPlatforms) = postSolution
		{88FC5A0B-B84C-38E9-A074-56897DEF984D}.Debug|x64.ActiveCfg = Debug|x64
		{88FC5A0B-B84C-38E9-A074-56897DEF984D}.Debug|x64.Build.0 = Debug|x64
		{88FC5A0B-B84C-38E9-A074-56897DEF984D}.Release|x64.ActiveCfg = Release|x64
		{88FC5A0B-B84C-38E9-A074-56897DEF984D}.Release|x64.Build.0 = Release|x64
		{88FC5A0B-B84C-38E9-A074-56897DEF984D}.MinSizeRel|x64.ActiveCfg = MinSizeRel|x64
		{88FC5A0B-B84C-38E9-A074-56897DEF984D}.MinSizeRel|x64.Build.0 = MinSizeRel|x64
		{88FC5A0B-B84C-38E9-A074-56897DEF984D}.RelWithDebInfo|x64.ActiveCfg = RelWithDebInfo|x64
		{88FC5A0B-B84C-38E9-A074-56897DEF984D}.RelWithDebInfo|x64.Build.0 = RelWithDebInfo|x64
		{FCFB75EA-59F0-39FF-8547-C6D01CE83A6F}.Debug|x64.ActiveCfg = Debug|x64
		{FCFB75EA-59F0-39FF-8547-C6D01CE83A6F}.Release|x64.ActiveCfg = Release|x64
		{FCFB75EA-59F0-39FF-8547-C6D01CE83A6F}.MinSizeRel|x64.ActiveCfg = MinSizeRel|x64
		{FCFB75EA-59F0-39FF-8547-C6D01CE83A6F}.RelWithDebInfo|x64.ActiveCfg = RelWithDebInfo|x64
		{7AFA81CF-9BD7-31DC-ABB5-08C38A9A3D3E}.Debug|x64.ActiveCfg = Debug|x64
		{7AFA81CF-9BD7-31DC-ABB5-08C38A9A3D3E}.Release|x64.ActiveCfg = Release|x64
		{7AFA81CF-9BD7-31DC-ABB5-08C38A9A3D3E}.MinSizeRel|x64.ActiveCfg = MinSizeRel|x64
		{7AFA81CF-9BD7-31DC-ABB5-08C38A9A3D3E}.RelWithDebInfo|x64.ActiveCfg = RelWithDebInfo|x64
		{8CA2E144-4E09-323F-96DA-4C0ABC30F588}.Debug|x64.ActiveCfg = Debug|x64
		{8CA2E144-4E09-323F-96DA-4C0ABC30F588}.Release|x64.ActiveCfg = Release|x64
		{8CA2E144-4E09-323F-96DA-4C0ABC30F588}.MinSizeRel|x64.ActiveCfg = MinSizeRel|x64
		{8CA2E144-4E09-323F-96DA-4C0ABC30F588}.RelWithDebInfo|x64.ActiveCfg = RelWithDebInfo|x64
		{987351D0-1E88-3889-A456-A43E2C927007}.Debug|x64.ActiveCfg = Debug|x64
		{987351D0-1E88-3889-A456-A43E2C927007}.Release|x64.ActiveCfg = Release|x64
		{987351D0-1E88-3889-A456-A43E2C927007}.MinSizeRel|x64.ActiveCfg = MinSizeRel|x64
		{987351D0-1E88-3889-A456-A43E2C927007}.RelWithDebInfo|x64.ActiveCfg = RelWithDebInfo|x64
		{F010A156-5D3B-3836-9D04-530E1360434E}.Debug|x64.ActiveCfg = Debug|x64
		{F010A156-5D3B-3836-9D04-530E1360434E}.Release|x64.ActiveCfg = Release|x64
		{F010A156-5D3B-3836-9D04-530E1360434E}.MinSizeRel|x64.ActiveCfg = MinSizeRel|x64
		{F010A156-5D3B-3836-9D04-530E1360434E}.RelWithDebInfo|x64.ActiveCfg = RelWithDebInfo|x64
		{2D5D072B-D4FE-35F0-82D4-4C301C965E23}.Debug|x64.ActiveCfg = Debug|x64
		{2D5D072B-D4FE-35F0-82D4-4C301C965E23}.Release|x64.ActiveCfg = Release|x64
		{2D5D072B-D4FE-35F0-82D4-4C301C965E23}.MinSizeRel|x64.ActiveCfg = MinSizeRel|x64
		{2D5D072B-D4FE-35F0-82D4-4C301C965E23}.RelWithDebInfo|x64.ActiveCfg = RelWithDebInfo|x64
		{369329ED-B402-3544-95A4-F287E2DB8363}.Debug|x64.ActiveCfg = Debug|x64
		{369329ED-B402-3544-95A4-F287E2DB8363}.Debug|x64.Build.0 = Debug|x64
		{369329ED-B402-3544-95A4-F287E2DB8363}.Release|x64.ActiveCfg = Release|x64
		{369329ED-B402-3544-95A4-F287E2DB8363}.Release|x64.Build.0 = Release|x64
		{369329ED-B402-3544-95A4-F287E2DB8363}.MinSizeRel|x64.ActiveCfg = MinSizeRel|x64
		{369329ED-B402-3544-95A4-F287E2DB8363}.MinSizeRel|x64.Build.0 = MinSizeRel|x64
		{369329ED-B402-3544-95A4-F287E2DB8363}.RelWithDebInfo|x64.ActiveCfg = RelWithDebInfo|x64
		{369329ED-B402-3544-95A4-F287E2DB8363}.RelWithDebInfo|x64.Build.0 = RelWithDebInfo|x64
		{AE7A089F-9F27-3B23-BEFC-57D8E14D0ADC}.Debug|x64.ActiveCfg = Debug|x64
		{AE7A089F-9F27-3B23-BEFC-57D8E14D0ADC}.Release|x64.ActiveCfg = Release|x64
		{AE7A089F-9F27-3B23-BEFC-57D8E14D0ADC}.MinSizeRel|x64.ActiveCfg = MinSizeRel|x64
		{AE7A089F-9F27-3B23-BEFC-57D8E14D0ADC}.RelWithDebInfo|x64.ActiveCfg = RelWithDebInfo|x64
		{4E2C1C24-E85B-3EA1-BF42-4029FD5C0C02}.Debug|x64.ActiveCfg = Debug|x64
		{4E2C1C24-E85B-3EA1-BF42-4029FD5C0C02}.Debug|x64.Build.0 = Debug|x64
		{4E2C1C24-E85B-3EA1-BF42-4029FD5C0C02}.Release|x64.ActiveCfg = Release|x64
		{4E2C1C24-E85B-3EA1-BF42-4029FD5C0C02}.Release|x64.Build.0 = Release|x64
		{4E2C1C24-E85B-3EA1-BF42-4029FD5C0C02}.MinSizeRel|x64.ActiveCfg = MinSizeRel|x64
		{4E2C1C24-E85B-3EA1-BF42-4029FD5C0C02}.MinSizeRel|x64.Build.0 = MinSizeRel|x64
		{4E2C1C24-E85B-3EA1-BF42-4029FD5C0C02}.RelWithDebInfo|x64.ActiveCfg = RelWithDebInfo|x64
		{4E2C1C24-E85B-3EA1-BF42-4029FD5C0C02}.RelWithDebInfo|x64.Build.0 = RelWithDebInfo|x64
	EndGlobalSection
	GlobalSection(NestedProjects) = preSolution
		{88FC5A0B-B84C-38E9-A074-56897DEF984D} = {38A2C90E-8361-35F2-906F-FB66B2E2F4A6}
		{8CA2E144-4E09-323F-96DA-4C0ABC30F588} = {38A2C90E-8361-35F2-906F-FB66B2E2F4A6}
		{2D5D072B-D4FE-35F0-82D4-4C301C965E23} = {38A2C90E-8361-35F2-906F-FB66B2E2F4A6}
		{369329ED-B402-3544-95A4-F287E2DB8363} = {38A2C90E-8361-35F2-906F-FB66B2E2F4A6}
		{FCFB75EA-59F0-39FF-8547-C6D01CE83A6F} = {7345A8E9-20BD-3191-86EC-48204F9A72E9}
		{7AFA81CF-9BD7-31DC-ABB5-08C38A9A3D3E} = {7345A8E9-20BD-3191-86EC-48204F9A72E9}
		{987351D0-1E88-3889-A456-A43E2C927007} = {7345A8E9-20BD-3191-86EC-48204F9A72E9}
		{F010A156-5D3B-3836-9D04-530E1360434E} = {7345A8E9-20BD-3191-86EC-48204F9A72E9}
	EndGlobalSection
	GlobalSection(ExtensibilityGlobals) = postSolution
		SolutionGuid = {AE5C18CA-4F02-34A1-B103-3E06F3298027}
	EndGlobalSection
	GlobalSection(ExtensibilityAddIns) = postSolution
	EndGlobalSection
EndGlobal
